// !$*UTF8*$!
{
	archiveVersion = 1;
	classes = {
	};
	objectVersion = 56;
	objects = {

/* Begin PBXBuildFile section */
		AE82EBF62F97239F00B52676 /* DependencyContainer.swift in Sources */ = {isa = PBXBuildFile; fileRef = AE82EBF32F97239F00B52676 /* DependencyContainer.swift */; };
		AE82EBF72F97239F00B52676 /* AppConfig.swift in Sources */ = {isa = PBXBuildFile; fileRef = AE82EBF52F97239F00B52676 /* AppConfig.swift */; };
		AED1CDD12F97243300B0F216 /* UserRepositoryProtocol.swift in Sources */ = {isa = PBXBuildFile; fileRef = AED1CDC52F97243300B0F216 /* UserRepositoryProtocol.swift */; };
		AED1CDD22F97243300B0F216 /* CatalogRepositoryProtocol.swift in Sources */ = {isa = PBXBuildFile; fileRef = AED1CDC62F97243300B0F216 /* CatalogRepositoryProtocol.swift */; };
		AED1CDD32F97243300B0F216 /* AuthRepositoryProtocol.swift in Sources */ = {isa = PBXBuildFile; fileRef = AED1CDC72F97243300B0F216 /* AuthRepositoryProtocol.swift */; };
		AED1CDD42F97243300B0F216 /* SignInUseCase.swift in Sources */ = {isa = PBXBuildFile; fileRef = AED1CDC92F97243300B0F216 /* SignInUseCase.swift */; };
		AED1CDD52F97243300B0F216 /* GetMyProfileUseCase.swift in Sources */ = {isa = PBXBuildFile; fileRef = AED1CDCA2F97243300B0F216 /* GetMyProfileUseCase.swift */; };
		AED1CDD62F97243300B0F216 /* GetSpecialtiesUseCase.swift in Sources */ = {isa = PBXBuildFile; fileRef = AED1CDCB2F97243300B0F216 /* GetSpecialtiesUseCase.swift */; };
		AED1CDD72F97243300B0F216 /* GetDoctorsBySpecialtyUseCase.swift in Sources */ = {isa = PBXBuildFile; fileRef = AED1CDCC2F97243300B0F216 /* GetDoctorsBySpecialtyUseCase.swift */; };
		AED1CDD82F97243300B0F216 /* Especialidad.swift in Sources */ = {isa = PBXBuildFile; fileRef = AED1CDCE2F97243300B0F216 /* Especialidad.swift */; };
		AED1CDD92F97243300B0F216 /* Doctor.swift in Sources */ = {isa = PBXBuildFile; fileRef = AED1CDCF2F97243300B0F216 /* Doctor.swift */; };
		AED1CDDA2F97243300B0F216 /* Usuario.swift in Sources */ = {isa = PBXBuildFile; fileRef = AED1CDD02F97243300B0F216 /* Usuario.swift */; };
		AED1CDEE2F97245700B0F216 /* UserRepository.swift in Sources */ = {isa = PBXBuildFile; fileRef = AED1CDDD2F97245700B0F216 /* UserRepository.swift */; };
		AED1CDEF2F97245700B0F216 /* AuthRepository.swift in Sources */ = {isa = PBXBuildFile; fileRef = AED1CDDE2F97245700B0F216 /* AuthRepository.swift */; };
		AED1CDF02F97245700B0F216 /* CatalogRepository.swift in Sources */ = {isa = PBXBuildFile; fileRef = AED1CDDF2F97245700B0F216 /* CatalogRepository.swift */; };
		AED1CDF12F97245700B0F216 /* SupabaseClientProvider.swift in Sources */ = {isa = PBXBuildFile; fileRef = AED1CDE12F97245700B0F216 /* SupabaseClientProvider.swift */; };
		AED1CDF22F97245700B0F216 /* EspecialidadDTO.swift in Sources */ = {isa = PBXBuildFile; fileRef = AED1CDE32F97245700B0F216 /* EspecialidadDTO.swift */; };
		AED1CDF32F97245700B0F216 /* UsuarioDTO.swift in Sources */ = {isa = PBXBuildFile; fileRef = AED1CDE42F97245700B0F216 /* UsuarioDTO.swift */; };
		AED1CDF42F97245700B0F216 /* DoctorDTO.swift in Sources */ = {isa = PBXBuildFile; fileRef = AED1CDE52F97245700B0F216 /* DoctorDTO.swift */; };
		AED1CDF52F97245700B0F216 /* EspecialidadMapper.swift in Sources */ = {isa = PBXBuildFile; fileRef = AED1CDE72F97245700B0F216 /* EspecialidadMapper.swift */; };
		AED1CDF62F97245700B0F216 /* DoctorMapper.swift in Sources */ = {isa = PBXBuildFile; fileRef = AED1CDE82F97245700B0F216 /* DoctorMapper.swift */; };
		AED1CDF72F97245700B0F216 /* UsuarioMapper.swift in Sources */ = {isa = PBXBuildFile; fileRef = AED1CDE92F97245700B0F216 /* UsuarioMapper.swift */; };
		AED1CDF82F97245700B0F216 /* UserService.swift in Sources */ = {isa = PBXBuildFile; fileRef = AED1CDEB2F97245700B0F216 /* UserService.swift */; };
		AED1CDF92F97245700B0F216 /* CatalogService.swift in Sources */ = {isa = PBXBuildFile; fileRef = AED1CDEC2F97245700B0F216 /* CatalogService.swift */; };
		AED1CDFA2F97245700B0F216 /* AuthService.swift in Sources */ = {isa = PBXBuildFile; fileRef = AED1CDED2F97245700B0F216 /* AuthService.swift */; };
		AED1CE0B2F97245C00B0F216 /* HomeViewController.swift in Sources */ = {isa = PBXBuildFile; fileRef = AED1CDFD2F97245C00B0F216 /* HomeViewController.swift */; };
		AED1CE0C2F97245C00B0F216 /* LoginViewModel.swift in Sources */ = {isa = PBXBuildFile; fileRef = AED1CE012F97245C00B0F216 /* LoginViewModel.swift */; };
		AED1CE0D2F97245C00B0F216 /* LoginViewController.swift in Sources */ = {isa = PBXBuildFile; fileRef = AED1CE022F97245C00B0F216 /* LoginViewController.swift */; };
		AED1CE0E2F97245C00B0F216 /* EspecialidadesViewModel.swift in Sources */ = {isa = PBXBuildFile; fileRef = AED1CE042F97245C00B0F216 /* EspecialidadesViewModel.swift */; };
		AED1CE0F2F97245C00B0F216 /* EspecialidadesViewController.swift in Sources */ = {isa = PBXBuildFile; fileRef = AED1CE052F97245C00B0F216 /* EspecialidadesViewController.swift */; };
		AED1CE102F97245C00B0F216 /* DoctoresViewController.swift in Sources */ = {isa = PBXBuildFile; fileRef = AED1CE082F97245C00B0F216 /* DoctoresViewController.swift */; };
		AED1CE112F97245C00B0F216 /* DoctoresViewModel.swift in Sources */ = {isa = PBXBuildFile; fileRef = AED1CE092F97245C00B0F216 /* DoctoresViewModel.swift */; };
		AED1CE142F9725D600B0F216 /* Auth in Frameworks */ = {isa = PBXBuildFile; productRef = AED1CE132F9725D600B0F216 /* Auth */; };
		AED1CE162F9725D600B0F216 /* Functions in Frameworks */ = {isa = PBXBuildFile; productRef = AED1CE152F9725D600B0F216 /* Functions */; };
		AED1CE182F9725D600B0F216 /* PostgREST in Frameworks */ = {isa = PBXBuildFile; productRef = AED1CE172F9725D600B0F216 /* PostgREST */; };
		AED1CE1A2F9725D600B0F216 /* Realtime in Frameworks */ = {isa = PBXBuildFile; productRef = AED1CE192F9725D600B0F216 /* Realtime */; };
		AED1CE1C2F9725D600B0F216 /* Storage in Frameworks */ = {isa = PBXBuildFile; productRef = AED1CE1B2F9725D600B0F216 /* Storage */; };
		AED1CE1F2F9726BF00B0F216 /* Supabase in Frameworks */ = {isa = PBXBuildFile; productRef = AED1CE1E2F9726BF00B0F216 /* Supabase */; };
		AEF45E812F96FC4A00D80EDF /* AppDelegate.swift in Sources */ = {isa = PBXBuildFile; fileRef = AEF45E802F96FC4A00D80EDF /* AppDelegate.swift */; };
		AEF45E832F96FC4A00D80EDF /* SceneDelegate.swift in Sources */ = {isa = PBXBuildFile; fileRef = AEF45E822F96FC4A00D80EDF /* SceneDelegate.swift */; };
		AEF45E852F96FC4A00D80EDF /* ViewController.swift in Sources */ = {isa = PBXBuildFile; fileRef = AEF45E842F96FC4A00D80EDF /* ViewController.swift */; };
		AEF45E882F96FC4A00D80EDF /* Main.storyboard in Resources */ = {isa = PBXBuildFile; fileRef = AEF45E862F96FC4A00D80EDF /* Main.storyboard */; };
		AEF45E8A2F96FC4C00D80EDF /* Assets.xcassets in Resources */ = {isa = PBXBuildFile; fileRef = AEF45E892F96FC4C00D80EDF /* Assets.xcassets */; };
		AEF45E8D2F96FC4C00D80EDF /* LaunchScreen.storyboard in Resources */ = {isa = PBXBuildFile; fileRef = AEF45E8B2F96FC4C00D80EDF /* LaunchScreen.storyboard */; };
/* End PBXBuildFile section */

/* Begin PBXFileReference section */
		AE82EBF32F97239F00B52676 /* DependencyContainer.swift */ = {isa = PBXFileReference; fileEncoding = 4; lastKnownFileType = sourcecode.swift; path = DependencyContainer.swift; sourceTree = "<group>"; };
		AE82EBF52F97239F00B52676 /* AppConfig.swift */ = {isa = PBXFileReference; fileEncoding = 4; lastKnownFileType = sourcecode.swift; path = AppConfig.swift; sourceTree = "<group>"; };
		AED1CDC52F97243300B0F216 /* UserRepositoryProtocol.swift */ = {isa = PBXFileReference; fileEncoding = 4; lastKnownFileType = sourcecode.swift; path = UserRepositoryProtocol.swift; sourceTree = "<group>"; };
		AED1CDC62F97243300B0F216 /* CatalogRepositoryProtocol.swift */ = {isa = PBXFileReference; fileEncoding = 4; lastKnownFileType = sourcecode.swift; path = CatalogRepositoryProtocol.swift; sourceTree = "<group>"; };
		AED1CDC72F97243300B0F216 /* AuthRepositoryProtocol.swift */ = {isa = PBXFileReference; fileEncoding = 4; lastKnownFileType = sourcecode.swift; path = AuthRepositoryProtocol.swift; sourceTree = "<group>"; };
		AED1CDC92F97243300B0F216 /* SignInUseCase.swift */ = {isa = PBXFileReference; fileEncoding = 4; lastKnownFileType = sourcecode.swift; path = SignInUseCase.swift; sourceTree = "<group>"; };
		AED1CDCA2F97243300B0F216 /* GetMyProfileUseCase.swift */ = {isa = PBXFileReference; fileEncoding = 4; lastKnownFileType = sourcecode.swift; path = GetMyProfileUseCase.swift; sourceTree = "<group>"; };
		AED1CDCB2F97243300B0F216 /* GetSpecialtiesUseCase.swift */ = {isa = PBXFileReference; fileEncoding = 4; lastKnownFileType = sourcecode.swift; path = GetSpecialtiesUseCase.swift; sourceTree = "<group>"; };
		AED1CDCC2F97243300B0F216 /* GetDoctorsBySpecialtyUseCase.swift */ = {isa = PBXFileReference; fileEncoding = 4; lastKnownFileType = sourcecode.swift; path = GetDoctorsBySpecialtyUseCase.swift; sourceTree = "<group>"; };
		AED1CDCE2F97243300B0F216 /* Especialidad.swift */ = {isa = PBXFileReference; fileEncoding = 4; lastKnownFileType = sourcecode.swift; path = Especialidad.swift; sourceTree = "<group>"; };
		AED1CDCF2F97243300B0F216 /* Doctor.swift */ = {isa = PBXFileReference; fileEncoding = 4; lastKnownFileType = sourcecode.swift; path = Doctor.swift; sourceTree = "<group>"; };
		AED1CDD02F97243300B0F216 /* Usuario.swift */ = {isa = PBXFileReference; fileEncoding = 4; lastKnownFileType = sourcecode.swift; path = Usuario.swift; sourceTree = "<group>"; };
		AED1CDDD2F97245700B0F216 /* UserRepository.swift */ = {isa = PBXFileReference; fileEncoding = 4; lastKnownFileType = sourcecode.swift; path = UserRepository.swift; sourceTree = "<group>"; };
		AED1CDDE2F97245700B0F216 /* AuthRepository.swift */ = {isa = PBXFileReference; fileEncoding = 4; lastKnownFileType = sourcecode.swift; path = AuthRepository.swift; sourceTree = "<group>"; };
		AED1CDDF2F97245700B0F216 /* CatalogRepository.swift */ = {isa = PBXFileReference; fileEncoding = 4; lastKnownFileType = sourcecode.swift; path = CatalogRepository.swift; sourceTree = "<group>"; };
		AED1CDE12F97245700B0F216 /* SupabaseClientProvider.swift */ = {isa = PBXFileReference; fileEncoding = 4; lastKnownFileType = sourcecode.swift; path = SupabaseClientProvider.swift; sourceTree = "<group>"; };
		AED1CDE32F97245700B0F216 /* EspecialidadDTO.swift */ = {isa = PBXFileReference; fileEncoding = 4; lastKnownFileType = sourcecode.swift; path = EspecialidadDTO.swift; sourceTree = "<group>"; };
		AED1CDE42F97245700B0F216 /* UsuarioDTO.swift */ = {isa = PBXFileReference; fileEncoding = 4; lastKnownFileType = sourcecode.swift; path = UsuarioDTO.swift; sourceTree = "<group>"; };
		AED1CDE52F97245700B0F216 /* DoctorDTO.swift */ = {isa = PBXFileReference; fileEncoding = 4; lastKnownFileType = sourcecode.swift; path = DoctorDTO.swift; sourceTree = "<group>"; };
		AED1CDE72F97245700B0F216 /* EspecialidadMapper.swift */ = {isa = PBXFileReference; fileEncoding = 4; lastKnownFileType = sourcecode.swift; path = EspecialidadMapper.swift; sourceTree = "<group>"; };
		AED1CDE82F97245700B0F216 /* DoctorMapper.swift */ = {isa = PBXFileReference; fileEncoding = 4; lastKnownFileType = sourcecode.swift; path = DoctorMapper.swift; sourceTree = "<group>"; };
		AED1CDE92F97245700B0F216 /* UsuarioMapper.swift */ = {isa = PBXFileReference; fileEncoding = 4; lastKnownFileType = sourcecode.swift; path = UsuarioMapper.swift; sourceTree = "<group>"; };
		AED1CDEB2F97245700B0F216 /* UserService.swift */ = {isa = PBXFileReference; fileEncoding = 4; lastKnownFileType = sourcecode.swift; path = UserService.swift; sourceTree = "<group>"; };
		AED1CDEC2F97245700B0F216 /* CatalogService.swift */ = {isa = PBXFileReference; fileEncoding = 4; lastKnownFileType = sourcecode.swift; path = CatalogService.swift; sourceTree = "<group>"; };
		AED1CDED2F97245700B0F216 /* AuthService.swift */ = {isa = PBXFileReference; fileEncoding = 4; lastKnownFileType = sourcecode.swift; path = AuthService.swift; sourceTree = "<group>"; };
		AED1CDFD2F97245C00B0F216 /* HomeViewController.swift */ = {isa = PBXFileReference; fileEncoding = 4; lastKnownFileType = sourcecode.swift; path = HomeViewController.swift; sourceTree = "<group>"; };
		AED1CE012F97245C00B0F216 /* LoginViewModel.swift */ = {isa = PBXFileReference; fileEncoding = 4; lastKnownFileType = sourcecode.swift; path = LoginViewModel.swift; sourceTree = "<group>"; };
		AED1CE022F97245C00B0F216 /* LoginViewController.swift */ = {isa = PBXFileReference; fileEncoding = 4; lastKnownFileType = sourcecode.swift; path = LoginViewController.swift; sourceTree = "<group>"; };
		AED1CE042F97245C00B0F216 /* EspecialidadesViewModel.swift */ = {isa = PBXFileReference; fileEncoding = 4; lastKnownFileType = sourcecode.swift; path = EspecialidadesViewModel.swift; sourceTree = "<group>"; };
		AED1CE052F97245C00B0F216 /* EspecialidadesViewController.swift */ = {isa = PBXFileReference; fileEncoding = 4; lastKnownFileType = sourcecode.swift; path = EspecialidadesViewController.swift; sourceTree = "<group>"; };
		AED1CE082F97245C00B0F216 /* DoctoresViewController.swift */ = {isa = PBXFileReference; fileEncoding = 4; lastKnownFileType = sourcecode.swift; path = DoctoresViewController.swift; sourceTree = "<group>"; };
		AED1CE092F97245C00B0F216 /* DoctoresViewModel.swift */ = {isa = PBXFileReference; fileEncoding = 4; lastKnownFileType = sourcecode.swift; path = DoctoresViewModel.swift; sourceTree = "<group>"; };
		AEF45E7D2F96FC4A00D80EDF /* ClinicaJesus-iOS.app */ = {isa = PBXFileReference; explicitFileType = wrapper.application; includeInIndex = 0; path = "ClinicaJesus-iOS.app"; sourceTree = BUILT_PRODUCTS_DIR; };
		AEF45E802F96FC4A00D80EDF /* AppDelegate.swift */ = {isa = PBXFileReference; lastKnownFileType = sourcecode.swift; path = AppDelegate.swift; sourceTree = "<group>"; };
		AEF45E822F96FC4A00D80EDF /* SceneDelegate.swift */ = {isa = PBXFileReference; lastKnownFileType = sourcecode.swift; path = SceneDelegate.swift; sourceTree = "<group>"; };
		AEF45E842F96FC4A00D80EDF /* ViewController.swift */ = {isa = PBXFileReference; lastKnownFileType = sourcecode.swift; path = ViewController.swift; sourceTree = "<group>"; };
		AEF45E872F96FC4A00D80EDF /* Base */ = {isa = PBXFileReference; lastKnownFileType = file.storyboard; name = Base; path = Base.lproj/Main.storyboard; sourceTree = "<group>"; };
		AEF45E892F96FC4C00D80EDF /* Assets.xcassets */ = {isa = PBXFileReference; lastKnownFileType = folder.assetcatalog; path = Assets.xcassets; sourceTree = "<group>"; };
		AEF45E8C2F96FC4C00D80EDF /* Base */ = {isa = PBXFileReference; lastKnownFileType = file.storyboard; name = Base; path = Base.lproj/LaunchScreen.storyboard; sourceTree = "<group>"; };
		AEF45E8E2F96FC4C00D80EDF /* Info.plist */ = {isa = PBXFileReference; lastKnownFileType = text.plist.xml; path = Info.plist; sourceTree = "<group>"; };
/* End PBXFileReference section */

/* Begin PBXFrameworksBuildPhase section */
		AEF45E7A2F96FC4A00D80EDF /* Frameworks */ = {
			isa = PBXFrameworksBuildPhase;
			buildActionMask = 2147483647;
			files = (
				AED1CE182F9725D600B0F216 /* PostgREST in Frameworks */,
				AED1CE162F9725D600B0F216 /* Functions in Frameworks */,
				AED1CE1F2F9726BF00B0F216 /* Supabase in Frameworks */,
				AED1CE142F9725D600B0F216 /* Auth in Frameworks */,
				AED1CE1C2F9725D600B0F216 /* Storage in Frameworks */,
				AED1CE1A2F9725D600B0F216 /* Realtime in Frameworks */,
			);
			runOnlyForDeploymentPostprocessing = 0;
		};
/* End PBXFrameworksBuildPhase section */

/* Begin PBXGroup section */
		AE82EBEE2F97236D00B52676 /* Resources */ = {
			isa = PBXGroup;
			children = (
				AE82EBEF2F97236D00B52676 /* Constants */,
				AE82EBF02F97236D00B52676 /* Assets */,
			);
			path = Resources;
			sourceTree = "<group>";
		};
		AE82EBEF2F97236D00B52676 /* Constants */ = {
			isa = PBXGroup;
			children = (
			);
			path = Constants;
			sourceTree = "<group>";
		};
		AE82EBF02F97236D00B52676 /* Assets */ = {
			isa = PBXGroup;
			children = (
			);
			path = Assets;
			sourceTree = "<group>";
		};
		AE82EBF12F97239F00B52676 /* App */ = {
			isa = PBXGroup;
			children = (
				AE82EBF22F97239F00B52676 /* DI */,
				AE82EBF42F97239F00B52676 /* Config */,
			);
			path = App;
			sourceTree = "<group>";
		};
		AE82EBF22F97239F00B52676 /* DI */ = {
			isa = PBXGroup;
			children = (
				AE82EBF32F97239F00B52676 /* DependencyContainer.swift */,
			);
			path = DI;
			sourceTree = "<group>";
		};
		AE82EBF42F97239F00B52676 /* Config */ = {
			isa = PBXGroup;
			children = (
				AE82EBF52F97239F00B52676 /* AppConfig.swift */,
			);
			path = Config;
			sourceTree = "<group>";
		};
		AED1CDC32F97243300B0F216 /* Domain */ = {
			isa = PBXGroup;
			children = (
				AED1CDC42F97243300B0F216 /* Repositories */,
				AED1CDC82F97243300B0F216 /* UseCases */,
				AED1CDCD2F97243300B0F216 /* Entities */,
			);
			path = Domain;
			sourceTree = "<group>";
		};
		AED1CDC42F97243300B0F216 /* Repositories */ = {
			isa = PBXGroup;
			children = (
				AED1CDC52F97243300B0F216 /* UserRepositoryProtocol.swift */,
				AED1CDC62F97243300B0F216 /* CatalogRepositoryProtocol.swift */,
				AED1CDC72F97243300B0F216 /* AuthRepositoryProtocol.swift */,
			);
			path = Repositories;
			sourceTree = "<group>";
		};
		AED1CDC82F97243300B0F216 /* UseCases */ = {
			isa = PBXGroup;
			children = (
				AED1CDC92F97243300B0F216 /* SignInUseCase.swift */,
				AED1CDCA2F97243300B0F216 /* GetMyProfileUseCase.swift */,
				AED1CDCB2F97243300B0F216 /* GetSpecialtiesUseCase.swift */,
				AED1CDCC2F97243300B0F216 /* GetDoctorsBySpecialtyUseCase.swift */,
			);
			path = UseCases;
			sourceTree = "<group>";
		};
		AED1CDCD2F97243300B0F216 /* Entities */ = {
			isa = PBXGroup;
			children = (
				AED1CDCE2F97243300B0F216 /* Especialidad.swift */,
				AED1CDCF2F97243300B0F216 /* Doctor.swift */,
				AED1CDD02F97243300B0F216 /* Usuario.swift */,
			);
			path = Entities;
			sourceTree = "<group>";
		};
		AED1CDDB2F97245700B0F216 /* Data */ = {
			isa = PBXGroup;
			children = (
				AED1CDDC2F97245700B0F216 /* Repositories */,
				AED1CDE02F97245700B0F216 /* Supabase */,
				AED1CDE22F97245700B0F216 /* DTOs */,
				AED1CDE62F97245700B0F216 /* Mappers */,
				AED1CDEA2F97245700B0F216 /* Services */,
			);
			path = Data;
			sourceTree = "<group>";
		};
		AED1CDDC2F97245700B0F216 /* Repositories */ = {
			isa = PBXGroup;
			children = (
				AED1CDDD2F97245700B0F216 /* UserRepository.swift */,
				AED1CDDE2F97245700B0F216 /* AuthRepository.swift */,
				AED1CDDF2F97245700B0F216 /* CatalogRepository.swift */,
			);
			path = Repositories;
			sourceTree = "<group>";
		};
		AED1CDE02F97245700B0F216 /* Supabase */ = {
			isa = PBXGroup;
			children = (
				AED1CDE12F97245700B0F216 /* SupabaseClientProvider.swift */,
			);
			path = Supabase;
			sourceTree = "<group>";
		};
		AED1CDE22F97245700B0F216 /* DTOs */ = {
			isa = PBXGroup;
			children = (
				AED1CDE32F97245700B0F216 /* EspecialidadDTO.swift */,
				AED1CDE42F97245700B0F216 /* UsuarioDTO.swift */,
				AED1CDE52F97245700B0F216 /* DoctorDTO.swift */,
			);
			path = DTOs;
			sourceTree = "<group>";
		};
		AED1CDE62F97245700B0F216 /* Mappers */ = {
			isa = PBXGroup;
			children = (
				AED1CDE72F97245700B0F216 /* EspecialidadMapper.swift */,
				AED1CDE82F97245700B0F216 /* DoctorMapper.swift */,
				AED1CDE92F97245700B0F216 /* UsuarioMapper.swift */,
			);
			path = Mappers;
			sourceTree = "<group>";
		};
		AED1CDEA2F97245700B0F216 /* Services */ = {
			isa = PBXGroup;
			children = (
				AED1CDEB2F97245700B0F216 /* UserService.swift */,
				AED1CDEC2F97245700B0F216 /* CatalogService.swift */,
				AED1CDED2F97245700B0F216 /* AuthService.swift */,
			);
			path = Services;
			sourceTree = "<group>";
		};
		AED1CDFB2F97245C00B0F216 /* Presentation */ = {
			isa = PBXGroup;
			children = (
				AED1CDFC2F97245C00B0F216 /* Home */,
				AED1CDFE2F97245C00B0F216 /* Auth */,
				AED1CE032F97245C00B0F216 /* Especialidades */,
				AED1CE062F97245C00B0F216 /* Horarios */,
				AED1CE072F97245C00B0F216 /* Doctores */,
				AED1CE0A2F97245C00B0F216 /* Citas */,
			);
			path = Presentation;
			sourceTree = "<group>";
		};
		AED1CDFC2F97245C00B0F216 /* Home */ = {
			isa = PBXGroup;
			children = (
				AED1CDFD2F97245C00B0F216 /* HomeViewController.swift */,
			);
			path = Home;
			sourceTree = "<group>";
		};
		AED1CDFE2F97245C00B0F216 /* Auth */ = {
			isa = PBXGroup;
			children = (
				AED1CDFF2F97245C00B0F216 /* Register */,
				AED1CE002F97245C00B0F216 /* Login */,
			);
			path = Auth;
			sourceTree = "<group>";
		};
		AED1CDFF2F97245C00B0F216 /* Register */ = {
			isa = PBXGroup;
			children = (
			);
			path = Register;
			sourceTree = "<group>";
		};
		AED1CE002F97245C00B0F216 /* Login */ = {
			isa = PBXGroup;
			children = (
				AED1CE012F97245C00B0F216 /* LoginViewModel.swift */,
				AED1CE022F97245C00B0F216 /* LoginViewController.swift */,
			);
			path = Login;
			sourceTree = "<group>";
		};
		AED1CE032F97245C00B0F216 /* Especialidades */ = {
			isa = PBXGroup;
			children = (
				AED1CE042F97245C00B0F216 /* EspecialidadesViewModel.swift */,
				AED1CE052F97245C00B0F216 /* EspecialidadesViewController.swift */,
			);
			path = Especialidades;
			sourceTree = "<group>";
		};
		AED1CE062F97245C00B0F216 /* Horarios */ = {
			isa = PBXGroup;
			children = (
			);
			path = Horarios;
			sourceTree = "<group>";
		};
		AED1CE072F97245C00B0F216 /* Doctores */ = {
			isa = PBXGroup;
			children = (
				AED1CE082F97245C00B0F216 /* DoctoresViewController.swift */,
				AED1CE092F97245C00B0F216 /* DoctoresViewModel.swift */,
			);
			path = Doctores;
			sourceTree = "<group>";
		};
		AED1CE0A2F97245C00B0F216 /* Citas */ = {
			isa = PBXGroup;
			children = (
			);
			path = Citas;
			sourceTree = "<group>";
		};
		AED1CE1D2F9726BF00B0F216 /* Frameworks */ = {
			isa = PBXGroup;
			children = (
			);
			name = Frameworks;
			sourceTree = "<group>";
		};
		AEF45E742F96FC4A00D80EDF = {
			isa = PBXGroup;
			children = (
				AEF45E7F2F96FC4A00D80EDF /* ClinicaJesus-iOS */,
				AEF45E7E2F96FC4A00D80EDF /* Products */,
				AED1CE1D2F9726BF00B0F216 /* Frameworks */,
			);
			sourceTree = "<group>";
		};
		AEF45E7E2F96FC4A00D80EDF /* Products */ = {
			isa = PBXGroup;
			children = (
				AEF45E7D2F96FC4A00D80EDF /* ClinicaJesus-iOS.app */,
			);
			name = Products;
			sourceTree = "<group>";
		};
		AEF45E7F2F96FC4A00D80EDF /* ClinicaJesus-iOS */ = {
			isa = PBXGroup;
			children = (
				AE82EBEE2F97236D00B52676 /* Resources */,
				AED1CDFB2F97245C00B0F216 /* Presentation */,
				AED1CDDB2F97245700B0F216 /* Data */,
				AED1CDC32F97243300B0F216 /* Domain */,
				AE82EBF12F97239F00B52676 /* App */,
				AEF45E802F96FC4A00D80EDF /* AppDelegate.swift */,
				AEF45E822F96FC4A00D80EDF /* SceneDelegate.swift */,
				AEF45E842F96FC4A00D80EDF /* ViewController.swift */,
				AEF45E862F96FC4A00D80EDF /* Main.storyboard */,
				AEF45E892F96FC4C00D80EDF /* Assets.xcassets */,
				AEF45E8B2F96FC4C00D80EDF /* LaunchScreen.storyboard */,
				AEF45E8E2F96FC4C00D80EDF /* Info.plist */,
			);
			path = "ClinicaJesus-iOS";
			sourceTree = "<group>";
		};
/* End PBXGroup section */

/* Begin PBXNativeTarget section */
		AEF45E7C2F96FC4A00D80EDF /* ClinicaJesus-iOS */ = {
			isa = PBXNativeTarget;
			buildConfigurationList = AEF45E912F96FC4C00D80EDF /* Build configuration list for PBXNativeTarget "ClinicaJesus-iOS" */;
			buildPhases = (
				AEF45E792F96FC4A00D80EDF /* Sources */,
				AEF45E7A2F96FC4A00D80EDF /* Frameworks */,
				AEF45E7B2F96FC4A00D80EDF /* Resources */,
			);
			buildRules = (
			);
			dependencies = (
			);
			name = "ClinicaJesus-iOS";
			packageProductDependencies = (
				AED1CE132F9725D600B0F216 /* Auth */,
				AED1CE152F9725D600B0F216 /* Functions */,
				AED1CE172F9725D600B0F216 /* PostgREST */,
				AED1CE192F9725D600B0F216 /* Realtime */,
				AED1CE1B2F9725D600B0F216 /* Storage */,
				AED1CE1E2F9726BF00B0F216 /* Supabase */,
			);
			productName = "ClinicaJesus-iOS";
			productReference = AEF45E7D2F96FC4A00D80EDF /* ClinicaJesus-iOS.app */;
			productType = "com.apple.product-type.application";
		};
/* End PBXNativeTarget section */

/* Begin PBXProject section */
		AEF45E752F96FC4A00D80EDF /* Project object */ = {
			isa = PBXProject;
			attributes = {
				BuildIndependentTargetsInParallel = 1;
				LastSwiftUpdateCheck = 1520;
				LastUpgradeCheck = 1520;
				TargetAttributes = {
					AEF45E7C2F96FC4A00D80EDF = {
						CreatedOnToolsVersion = 15.2;
					};
				};
			};
			buildConfigurationList = AEF45E782F96FC4A00D80EDF /* Build configuration list for PBXProject "ClinicaJesus-iOS" */;
			compatibilityVersion = "Xcode 14.0";
			developmentRegion = en;
			hasScannedForEncodings = 0;
			knownRegions = (
				en,
				Base,
			);
			mainGroup = AEF45E742F96FC4A00D80EDF;
			packageReferences = (
				AED1CE122F9725D600B0F216 /* XCRemoteSwiftPackageReference "supabase-swift" */,
			);
			productRefGroup = AEF45E7E2F96FC4A00D80EDF /* Products */;
			projectDirPath = "";
			projectRoot = "";
			targets = (
				AEF45E7C2F96FC4A00D80EDF /* ClinicaJesus-iOS */,
			);
		};
/* End PBXProject section */

/* Begin PBXResourcesBuildPhase section */
		AEF45E7B2F96FC4A00D80EDF /* Resources */ = {
			isa = PBXResourcesBuildPhase;
			buildActionMask = 2147483647;
			files = (
				AEF45E8D2F96FC4C00D80EDF /* LaunchScreen.storyboard in Resources */,
				AEF45E8A2F96FC4C00D80EDF /* Assets.xcassets in Resources */,
				AEF45E882F96FC4A00D80EDF /* Main.storyboard in Resources */,
			);
			runOnlyForDeploymentPostprocessing = 0;
		};
/* End PBXResourcesBuildPhase section */

/* Begin PBXSourcesBuildPhase section */
		AEF45E792F96FC4A00D80EDF /* Sources */ = {
			isa = PBXSourcesBuildPhase;
			buildActionMask = 2147483647;
			files = (
				AED1CDF42F97245700B0F216 /* DoctorDTO.swift in Sources */,
				AED1CE102F97245C00B0F216 /* DoctoresViewController.swift in Sources */,
				AED1CDF72F97245700B0F216 /* UsuarioMapper.swift in Sources */,
				AEF45E852F96FC4A00D80EDF /* ViewController.swift in Sources */,
				AE82EBF72F97239F00B52676 /* AppConfig.swift in Sources */,
				AED1CDD82F97243300B0F216 /* Especialidad.swift in Sources */,
				AED1CDF52F97245700B0F216 /* EspecialidadMapper.swift in Sources */,
				AED1CDF82F97245700B0F216 /* UserService.swift in Sources */,
				AED1CDD12F97243300B0F216 /* UserRepositoryProtocol.swift in Sources */,
				AED1CE0C2F97245C00B0F216 /* LoginViewModel.swift in Sources */,
				AED1CDD32F97243300B0F216 /* AuthRepositoryProtocol.swift in Sources */,
				AED1CDF32F97245700B0F216 /* UsuarioDTO.swift in Sources */,
				AED1CDD22F97243300B0F216 /* CatalogRepositoryProtocol.swift in Sources */,
				AED1CDD92F97243300B0F216 /* Doctor.swift in Sources */,
				AED1CE0D2F97245C00B0F216 /* LoginViewController.swift in Sources */,
				AED1CDF12F97245700B0F216 /* SupabaseClientProvider.swift in Sources */,
				AED1CDF02F97245700B0F216 /* CatalogRepository.swift in Sources */,
				AED1CDD72F97243300B0F216 /* GetDoctorsBySpecialtyUseCase.swift in Sources */,
				AED1CDF62F97245700B0F216 /* DoctorMapper.swift in Sources */,
				AED1CDDA2F97243300B0F216 /* Usuario.swift in Sources */,
				AED1CDF22F97245700B0F216 /* EspecialidadDTO.swift in Sources */,
				AED1CE0E2F97245C00B0F216 /* EspecialidadesViewModel.swift in Sources */,
				AEF45E812F96FC4A00D80EDF /* AppDelegate.swift in Sources */,
				AED1CE0B2F97245C00B0F216 /* HomeViewController.swift in Sources */,
				AED1CDD62F97243300B0F216 /* GetSpecialtiesUseCase.swift in Sources */,
				AED1CDD52F97243300B0F216 /* GetMyProfileUseCase.swift in Sources */,
				AED1CDF92F97245700B0F216 /* CatalogService.swift in Sources */,
				AE82EBF62F97239F00B52676 /* DependencyContainer.swift in Sources */,
				AED1CE0F2F97245C00B0F216 /* EspecialidadesViewController.swift in Sources */,
				AED1CDEF2F97245700B0F216 /* AuthRepository.swift in Sources */,
				AEF45E832F96FC4A00D80EDF /* SceneDelegate.swift in Sources */,
				AED1CDEE2F97245700B0F216 /* UserRepository.swift in Sources */,
				AED1CDD42F97243300B0F216 /* SignInUseCase.swift in Sources */,
				AED1CE112F97245C00B0F216 /* DoctoresViewModel.swift in Sources */,
				AED1CDFA2F97245700B0F216 /* AuthService.swift in Sources */,
			);
			runOnlyForDeploymentPostprocessing = 0;
		};
/* End PBXSourcesBuildPhase section */

/* Begin PBXVariantGroup section */
		AEF45E862F96FC4A00D80EDF /* Main.storyboard */ = {
			isa = PBXVariantGroup;
			children = (
				AEF45E872F96FC4A00D80EDF /* Base */,
			);
			name = Main.storyboard;
			sourceTree = "<group>";
		};
		AEF45E8B2F96FC4C00D80EDF /* LaunchScreen.storyboard */ = {
			isa = PBXVariantGroup;
			children = (
				AEF45E8C2F96FC4C00D80EDF /* Base */,
			);
			name = LaunchScreen.storyboard;
			sourceTree = "<group>";
		};
/* End PBXVariantGroup section */

/* Begin XCBuildConfiguration section */
		AEF45E8F2F96FC4C00D80EDF /* Debug */ = {
			isa = XCBuildConfiguration;
			buildSettings = {
				ALWAYS_SEARCH_USER_PATHS = NO;
				ASSETCATALOG_COMPILER_GENERATE_SWIFT_ASSET_SYMBOL_EXTENSIONS = YES;
				CLANG_ANALYZER_NONNULL = YES;
				CLANG_ANALYZER_NUMBER_OBJECT_CONVERSION = YES_AGGRESSIVE;
				CLANG_CXX_LANGUAGE_STANDARD = "gnu++20";
				CLANG_ENABLE_MODULES = YES;
				CLANG_ENABLE_OBJC_ARC = YES;
				CLANG_ENABLE_OBJC_WEAK = YES;
				CLANG_WARN_BLOCK_CAPTURE_AUTORELEASING = YES;
				CLANG_WARN_BOOL_CONVERSION = YES;
				CLANG_WARN_COMMA = YES;
				CLANG_WARN_CONSTANT_CONVERSION = YES;
				CLANG_WARN_DEPRECATED_OBJC_IMPLEMENTATIONS = YES;
				CLANG_WARN_DIRECT_OBJC_ISA_USAGE = YES_ERROR;
				CLANG_WARN_DOCUMENTATION_COMMENTS = YES;
				CLANG_WARN_EMPTY_BODY = YES;
				CLANG_WARN_ENUM_CONVERSION = YES;
				CLANG_WARN_INFINITE_RECURSION = YES;
				CLANG_WARN_INT_CONVERSION = YES;
				CLANG_WARN_NON_LITERAL_NULL_CONVERSION = YES;
				CLANG_WARN_OBJC_IMPLICIT_RETAIN_SELF = YES;
				CLANG_WARN_OBJC_LITERAL_CONVERSION = YES;
				CLANG_WARN_OBJC_ROOT_CLASS = YES_ERROR;
				CLANG_WARN_QUOTED_INCLUDE_IN_FRAMEWORK_HEADER = YES;
				CLANG_WARN_RANGE_LOOP_ANALYSIS = YES;
				CLANG_WARN_STRICT_PROTOTYPES = YES;
				CLANG_WARN_SUSPICIOUS_MOVE = YES;
				CLANG_WARN_UNGUARDED_AVAILABILITY = YES_AGGRESSIVE;
				CLANG_WARN_UNREACHABLE_CODE = YES;
				CLANG_WARN__DUPLICATE_METHOD_MATCH = YES;
				COPY_PHASE_STRIP = NO;
				DEBUG_INFORMATION_FORMAT = dwarf;
				ENABLE_STRICT_OBJC_MSGSEND = YES;
				ENABLE_TESTABILITY = YES;
				ENABLE_USER_SCRIPT_SANDBOXING = YES;
				GCC_C_LANGUAGE_STANDARD = gnu17;
				GCC_DYNAMIC_NO_PIC = NO;
				GCC_NO_COMMON_BLOCKS = YES;
				GCC_OPTIMIZATION_LEVEL = 0;
				GCC_PREPROCESSOR_DEFINITIONS = (
					"DEBUG=1",
					"$(inherited)",
				);
				GCC_WARN_64_TO_32_BIT_CONVERSION = YES;
				GCC_WARN_ABOUT_RETURN_TYPE = YES_ERROR;
				GCC_WARN_UNDECLARED_SELECTOR = YES;
				GCC_WARN_UNINITIALIZED_AUTOS = YES_AGGRESSIVE;
				GCC_WARN_UNUSED_FUNCTION = YES;
				GCC_WARN_UNUSED_VARIABLE = YES;
				IPHONEOS_DEPLOYMENT_TARGET = 17.2;
				LOCALIZATION_PREFERS_STRING_CATALOGS = YES;
				MTL_ENABLE_DEBUG_INFO = INCLUDE_SOURCE;
				MTL_FAST_MATH = YES;
				ONLY_ACTIVE_ARCH = YES;
				SDKROOT = iphoneos;
				SWIFT_ACTIVE_COMPILATION_CONDITIONS = "DEBUG $(inherited)";
				SWIFT_OPTIMIZATION_LEVEL = "-Onone";
			};
			name = Debug;
		};
		AEF45E902F96FC4C00D80EDF /* Release */ = {
			isa = XCBuildConfiguration;
			buildSettings = {
				ALWAYS_SEARCH_USER_PATHS = NO;
				ASSETCATALOG_COMPILER_GENERATE_SWIFT_ASSET_SYMBOL_EXTENSIONS = YES;
				CLANG_ANALYZER_NONNULL = YES;
				CLANG_ANALYZER_NUMBER_OBJECT_CONVERSION = YES_AGGRESSIVE;
				CLANG_CXX_LANGUAGE_STANDARD = "gnu++20";
				CLANG_ENABLE_MODULES = YES;
				CLANG_ENABLE_OBJC_ARC = YES;
				CLANG_ENABLE_OBJC_WEAK = YES;
				CLANG_WARN_BLOCK_CAPTURE_AUTORELEASING = YES;
				CLANG_WARN_BOOL_CONVERSION = YES;
				CLANG_WARN_COMMA = YES;
				CLANG_WARN_CONSTANT_CONVERSION = YES;
				CLANG_WARN_DEPRECATED_OBJC_IMPLEMENTATIONS = YES;
				CLANG_WARN_DIRECT_OBJC_ISA_USAGE = YES_ERROR;
				CLANG_WARN_DOCUMENTATION_COMMENTS = YES;
				CLANG_WARN_EMPTY_BODY = YES;
				CLANG_WARN_ENUM_CONVERSION = YES;
				CLANG_WARN_INFINITE_RECURSION = YES;
				CLANG_WARN_INT_CONVERSION = YES;
				CLANG_WARN_NON_LITERAL_NULL_CONVERSION = YES;
				CLANG_WARN_OBJC_IMPLICIT_RETAIN_SELF = YES;
				CLANG_WARN_OBJC_LITERAL_CONVERSION = YES;
				CLANG_WARN_OBJC_ROOT_CLASS = YES_ERROR;
				CLANG_WARN_QUOTED_INCLUDE_IN_FRAMEWORK_HEADER = YES;
				CLANG_WARN_RANGE_LOOP_ANALYSIS = YES;
				CLANG_WARN_STRICT_PROTOTYPES = YES;
				CLANG_WARN_SUSPICIOUS_MOVE = YES;
				CLANG_WARN_UNGUARDED_AVAILABILITY = YES_AGGRESSIVE;
				CLANG_WARN_UNREACHABLE_CODE = YES;
				CLANG_WARN__DUPLICATE_METHOD_MATCH = YES;
				COPY_PHASE_STRIP = NO;
				DEBUG_INFORMATION_FORMAT = "dwarf-with-dsym";
				ENABLE_NS_ASSERTIONS = NO;
				ENABLE_STRICT_OBJC_MSGSEND = YES;
				ENABLE_USER_SCRIPT_SANDBOXING = YES;
				GCC_C_LANGUAGE_STANDARD = gnu17;
				GCC_NO_COMMON_BLOCKS = YES;
				GCC_WARN_64_TO_32_BIT_CONVERSION = YES;
				GCC_WARN_ABOUT_RETURN_TYPE = YES_ERROR;
				GCC_WARN_UNDECLARED_SELECTOR = YES;
				GCC_WARN_UNINITIALIZED_AUTOS = YES_AGGRESSIVE;
				GCC_WARN_UNUSED_FUNCTION = YES;
				GCC_WARN_UNUSED_VARIABLE = YES;
				IPHONEOS_DEPLOYMENT_TARGET = 17.2;
				LOCALIZATION_PREFERS_STRING_CATALOGS = YES;
				MTL_ENABLE_DEBUG_INFO = NO;
				MTL_FAST_MATH = YES;
				SDKROOT = iphoneos;
				SWIFT_COMPILATION_MODE = wholemodule;
				VALIDATE_PRODUCT = YES;
			};
			name = Release;
		};
		AEF45E922F96FC4C00D80EDF /* Debug */ = {
			isa = XCBuildConfiguration;
			buildSettings = {
				ASSETCATALOG_COMPILER_APPICON_NAME = AppIcon;
				ASSETCATALOG_COMPILER_GLOBAL_ACCENT_COLOR_NAME = AccentColor;
				CODE_SIGN_STYLE = Automatic;
				CURRENT_PROJECT_VERSION = 1;
				GENERATE_INFOPLIST_FILE = YES;
				INFOPLIST_FILE = "ClinicaJesus-iOS/Info.plist";
				INFOPLIST_KEY_UIApplicationSupportsIndirectInputEvents = YES;
				INFOPLIST_KEY_UILaunchStoryboardName = LaunchScreen;
				INFOPLIST_KEY_UIMainStoryboardFile = Main;
				INFOPLIST_KEY_UISupportedInterfaceOrientations_iPad = "UIInterfaceOrientationPortrait UIInterfaceOrientationPortraitUpsideDown UIInterfaceOrientationLandscapeLeft UIInterfaceOrientationLandscapeRight";
				INFOPLIST_KEY_UISupportedInterfaceOrientations_iPhone = "UIInterfaceOrientationPortrait UIInterfaceOrientationLandscapeLeft UIInterfaceOrientationLandscapeRight";
				LD_RUNPATH_SEARCH_PATHS = (
					"$(inherited)",
					"@executable_path/Frameworks",
				);
				MARKETING_VERSION = 1.0;
				PRODUCT_BUNDLE_IDENTIFIER = "com.edu.ClinicaJesus-iOS";
				PRODUCT_NAME = "$(TARGET_NAME)";
				SWIFT_EMIT_LOC_STRINGS = YES;
				SWIFT_VERSION = 5.0;
				TARGETED_DEVICE_FAMILY = "1,2";
			};
			name = Debug;
		};
		AEF45E932F96FC4C00D80EDF /* Release */ = {
			isa = XCBuildConfiguration;
			buildSettings = {
				ASSETCATALOG_COMPILER_APPICON_NAME = AppIcon;
				ASSETCATALOG_COMPILER_GLOBAL_ACCENT_COLOR_NAME = AccentColor;
				CODE_SIGN_STYLE = Automatic;
				CURRENT_PROJECT_VERSION = 1;
				GENERATE_INFOPLIST_FILE = YES;
				INFOPLIST_FILE = "ClinicaJesus-iOS/Info.plist";
				INFOPLIST_KEY_UIApplicationSupportsIndirectInputEvents = YES;
				INFOPLIST_KEY_UILaunchStoryboardName = LaunchScreen;
				INFOPLIST_KEY_UIMainStoryboardFile = Main;
				INFOPLIST_KEY_UISupportedInterfaceOrientations_iPad = "UIInterfaceOrientationPortrait UIInterfaceOrientationPortraitUpsideDown UIInterfaceOrientationLandscapeLeft UIInterfaceOrientationLandscapeRight";
				INFOPLIST_KEY_UISupportedInterfaceOrientations_iPhone = "UIInterfaceOrientationPortrait UIInterfaceOrientationLandscapeLeft UIInterfaceOrientationLandscapeRight";
				LD_RUNPATH_SEARCH_PATHS = (
					"$(inherited)",
					"@executable_path/Frameworks",
				);
				MARKETING_VERSION = 1.0;
				PRODUCT_BUNDLE_IDENTIFIER = "com.edu.ClinicaJesus-iOS";
				PRODUCT_NAME = "$(TARGET_NAME)";
				SWIFT_EMIT_LOC_STRINGS = YES;
				SWIFT_VERSION = 5.0;
				TARGETED_DEVICE_FAMILY = "1,2";
			};
			name = Release;
		};
/* End XCBuildConfiguration section */

/* Begin XCConfigurationList section */
		AEF45E782F96FC4A00D80EDF /* Build configuration list for PBXProject "ClinicaJesus-iOS" */ = {
			isa = XCConfigurationList;
			buildConfigurations = (
				AEF45E8F2F96FC4C00D80EDF /* Debug */,
				AEF45E902F96FC4C00D80EDF /* Release */,
			);
			defaultConfigurationIsVisible = 0;
			defaultConfigurationName = Release;
		};
		AEF45E912F96FC4C00D80EDF /* Build configuration list for PBXNativeTarget "ClinicaJesus-iOS" */ = {
			isa = XCConfigurationList;
			buildConfigurations = (
				AEF45E922F96FC4C00D80EDF /* Debug */,
				AEF45E932F96FC4C00D80EDF /* Release */,
			);
			defaultConfigurationIsVisible = 0;
			defaultConfigurationName = Release;
		};
/* End XCConfigurationList section */

/* Begin XCRemoteSwiftPackageReference section */
		AED1CE122F9725D600B0F216 /* XCRemoteSwiftPackageReference "supabase-swift" */ = {
			isa = XCRemoteSwiftPackageReference;
			repositoryURL = "https://github.com/supabase/supabase-swift";
			requirement = {
				kind = upToNextMajorVersion;
				minimumVersion = 2.5.1;
			};
		};
/* End XCRemoteSwiftPackageReference section */

/* Begin XCSwiftPackageProductDependency section */
		AED1CE132F9725D600B0F216 /* Auth */ = {
			isa = XCSwiftPackageProductDependency;
			package = AED1CE122F9725D600B0F216 /* XCRemoteSwiftPackageReference "supabase-swift" */;
			productName = Auth;
		};
		AED1CE152F9725D600B0F216 /* Functions */ = {
			isa = XCSwiftPackageProductDependency;
			package = AED1CE122F9725D600B0F216 /* XCRemoteSwiftPackageReference "supabase-swift" */;
			productName = Functions;
		};
		AED1CE172F9725D600B0F216 /* PostgREST */ = {
			isa = XCSwiftPackageProductDependency;
			package = AED1CE122F9725D600B0F216 /* XCRemoteSwiftPackageReference "supabase-swift" */;
			productName = PostgREST;
		};
		AED1CE192F9725D600B0F216 /* Realtime */ = {
			isa = XCSwiftPackageProductDependency;
			package = AED1CE122F9725D600B0F216 /* XCRemoteSwiftPackageReference "supabase-swift" */;
			productName = Realtime;
		};
		AED1CE1B2F9725D600B0F216 /* Storage */ = {
			isa = XCSwiftPackageProductDependency;
			package = AED1CE122F9725D600B0F216 /* XCRemoteSwiftPackageReference "supabase-swift" */;
			productName = Storage;
		};
		AED1CE1E2F9726BF00B0F216 /* Supabase */ = {
			isa = XCSwiftPackageProductDependency;
			package = AED1CE122F9725D600B0F216 /* XCRemoteSwiftPackageReference "supabase-swift" */;
			productName = Supabase;
		};
/* End XCSwiftPackageProductDependency section */
	};
	rootObject = AEF45E752F96FC4A00D80EDF /* Project object */;
}
